// !$*UTF8*$!
{
	archiveVersion = 1;
	classes = {
	};
	objectVersion = 46;
	objects = {

/* Begin PBXBuildFile section */
		ABAC51E01CFCCFF0000FA80F /* AppDelegate.swift in Sources */ = {isa = PBXBuildFile; fileRef = ABAC51DF1CFCCFF0000FA80F /* AppDelegate.swift */; };
		ABAC51E21CFCCFF0000FA80F /* PlateAppearanceViewController.swift in Sources */ = {isa = PBXBuildFile; fileRef = ABAC51E11CFCCFF0000FA80F /* PlateAppearanceViewController.swift */; };
		ABAC51E51CFCCFF0000FA80F /* Main.storyboard in Resources */ = {isa = PBXBuildFile; fileRef = ABAC51E31CFCCFF0000FA80F /* Main.storyboard */; };
		ABAC51E71CFCCFF0000FA80F /* Assets.xcassets in Resources */ = {isa = PBXBuildFile; fileRef = ABAC51E61CFCCFF0000FA80F /* Assets.xcassets */; };
		ABAC51EA1CFCCFF0000FA80F /* LaunchScreen.storyboard in Resources */ = {isa = PBXBuildFile; fileRef = ABAC51E81CFCCFF0000FA80F /* LaunchScreen.storyboard */; };
		ABAC51F51CFCCFF1000FA80F /* ScorebookTests.swift in Sources */ = {isa = PBXBuildFile; fileRef = ABAC51F41CFCCFF1000FA80F /* ScorebookTests.swift */; };
		ABAC52001CFCCFF1000FA80F /* ScorebookUITests.swift in Sources */ = {isa = PBXBuildFile; fileRef = ABAC51FF1CFCCFF1000FA80F /* ScorebookUITests.swift */; };
		ABAC520F1CFCD039000FA80F /* PlateAppearance.swift in Sources */ = {isa = PBXBuildFile; fileRef = ABAC520E1CFCD039000FA80F /* PlateAppearance.swift */; };
		ABAC52111CFCD101000FA80F /* Game.swift in Sources */ = {isa = PBXBuildFile; fileRef = ABAC52101CFCD101000FA80F /* Game.swift */; };
		ABAC52131CFCD17C000FA80F /* NewGameViewController.swift in Sources */ = {isa = PBXBuildFile; fileRef = ABAC52121CFCD17C000FA80F /* NewGameViewController.swift */; };
		ABAC52151CFCD1AC000FA80F /* BoxScoreViewController.swift in Sources */ = {isa = PBXBuildFile; fileRef = ABAC52141CFCD1AC000FA80F /* BoxScoreViewController.swift */; };
/* End PBXBuildFile section */

/* Begin PBXContainerItemProxy section */
		ABAC51F11CFCCFF1000FA80F /* PBXContainerItemProxy */ = {
			isa = PBXContainerItemProxy;
			containerPortal = ABAC51D41CFCCFF0000FA80F /* Project object */;
			proxyType = 1;
			remoteGlobalIDString = ABAC51DB1CFCCFF0000FA80F;
			remoteInfo = Scorebook;
		};
		ABAC51FC1CFCCFF1000FA80F /* PBXContainerItemProxy */ = {
			isa = PBXContainerItemProxy;
			containerPortal = ABAC51D41CFCCFF0000FA80F /* Project object */;
			proxyType = 1;
			remoteGlobalIDString = ABAC51DB1CFCCFF0000FA80F;
			remoteInfo = Scorebook;
		};
/* End PBXContainerItemProxy section */

/* Begin PBXFileReference section */
		ABAC51DC1CFCCFF0000FA80F /* Scorebook.app */ = {isa = PBXFileReference; explicitFileType = wrapper.application; includeInIndex = 0; path = Scorebook.app; sourceTree = BUILT_PRODUCTS_DIR; };
		ABAC51DF1CFCCFF0000FA80F /* AppDelegate.swift */ = {isa = PBXFileReference; lastKnownFileType = sourcecode.swift; path = AppDelegate.swift; sourceTree = "<group>"; };
		ABAC51E11CFCCFF0000FA80F /* PlateAppearanceViewController.swift */ = {isa = PBXFileReference; lastKnownFileType = sourcecode.swift; path = PlateAppearanceViewController.swift; sourceTree = "<group>"; };
		ABAC51E41CFCCFF0000FA80F /* Base */ = {isa = PBXFileReference; lastKnownFileType = file.storyboard; name = Base; path = Base.lproj/Main.storyboard; sourceTree = "<group>"; };
		ABAC51E61CFCCFF0000FA80F /* Assets.xcassets */ = {isa = PBXFileReference; lastKnownFileType = folder.assetcatalog; path = Assets.xcassets; sourceTree = "<group>"; };
		ABAC51E91CFCCFF0000FA80F /* Base */ = {isa = PBXFileReference; lastKnownFileType = file.storyboard; name = Base; path = Base.lproj/LaunchScreen.storyboard; sourceTree = "<group>"; };
		ABAC51EB1CFCCFF0000FA80F /* Info.plist */ = {isa = PBXFileReference; lastKnownFileType = text.plist.xml; path = Info.plist; sourceTree = "<group>"; };
		ABAC51F01CFCCFF1000FA80F /* ScorebookTests.xctest */ = {isa = PBXFileReference; explicitFileType = wrapper.cfbundle; includeInIndex = 0; path = ScorebookTests.xctest; sourceTree = BUILT_PRODUCTS_DIR; };
		ABAC51F41CFCCFF1000FA80F /* ScorebookTests.swift */ = {isa = PBXFileReference; lastKnownFileType = sourcecode.swift; path = ScorebookTests.swift; sourceTree = "<group>"; };
		ABAC51F61CFCCFF1000FA80F /* Info.plist */ = {isa = PBXFileReference; lastKnownFileType = text.plist.xml; path = Info.plist; sourceTree = "<group>"; };
		ABAC51FB1CFCCFF1000FA80F /* ScorebookUITests.xctest */ = {isa = PBXFileReference; explicitFileType = wrapper.cfbundle; includeInIndex = 0; path = ScorebookUITests.xctest; sourceTree = BUILT_PRODUCTS_DIR; };
		ABAC51FF1CFCCFF1000FA80F /* ScorebookUITests.swift */ = {isa = PBXFileReference; lastKnownFileType = sourcecode.swift; path = ScorebookUITests.swift; sourceTree = "<group>"; };
		ABAC52011CFCCFF1000FA80F /* Info.plist */ = {isa = PBXFileReference; lastKnownFileType = text.plist.xml; path = Info.plist; sourceTree = "<group>"; };
		ABAC520E1CFCD039000FA80F /* PlateAppearance.swift */ = {isa = PBXFileReference; fileEncoding = 4; lastKnownFileType = sourcecode.swift; path = PlateAppearance.swift; sourceTree = "<group>"; };
		ABAC52101CFCD101000FA80F /* Game.swift */ = {isa = PBXFileReference; fileEncoding = 4; lastKnownFileType = sourcecode.swift; path = Game.swift; sourceTree = "<group>"; };
		ABAC52121CFCD17C000FA80F /* NewGameViewController.swift */ = {isa = PBXFileReference; fileEncoding = 4; lastKnownFileType = sourcecode.swift; path = NewGameViewController.swift; sourceTree = "<group>"; };
		ABAC52141CFCD1AC000FA80F /* BoxScoreViewController.swift */ = {isa = PBXFileReference; fileEncoding = 4; lastKnownFileType = sourcecode.swift; path = BoxScoreViewController.swift; sourceTree = "<group>"; };
/* End PBXFileReference section */

/* Begin PBXFrameworksBuildPhase section */
		ABAC51D91CFCCFF0000FA80F /* Frameworks */ = {
			isa = PBXFrameworksBuildPhase;
			buildActionMask = 2147483647;
			files = (
			);
			runOnlyForDeploymentPostprocessing = 0;
		};
		ABAC51ED1CFCCFF1000FA80F /* Frameworks */ = {
			isa = PBXFrameworksBuildPhase;
			buildActionMask = 2147483647;
			files = (
			);
			runOnlyForDeploymentPostprocessing = 0;
		};
		ABAC51F81CFCCFF1000FA80F /* Frameworks */ = {
			isa = PBXFrameworksBuildPhase;
			buildActionMask = 2147483647;
			files = (
			);
			runOnlyForDeploymentPostprocessing = 0;
		};
/* End PBXFrameworksBuildPhase section */

/* Begin PBXGroup section */
		ABAC51D31CFCCFF0000FA80F = {
			isa = PBXGroup;
			children = (
				ABAC51DE1CFCCFF0000FA80F /* Scorebook */,
				ABAC51F31CFCCFF1000FA80F /* ScorebookTests */,
				ABAC51FE1CFCCFF1000FA80F /* ScorebookUITests */,
				ABAC51DD1CFCCFF0000FA80F /* Products */,
			);
			sourceTree = "<group>";
		};
		ABAC51DD1CFCCFF0000FA80F /* Products */ = {
			isa = PBXGroup;
			children = (
				ABAC51DC1CFCCFF0000FA80F /* Scorebook.app */,
				ABAC51F01CFCCFF1000FA80F /* ScorebookTests.xctest */,
				ABAC51FB1CFCCFF1000FA80F /* ScorebookUITests.xctest */,
			);
			name = Products;
			sourceTree = "<group>";
		};
		ABAC51DE1CFCCFF0000FA80F /* Scorebook */ = {
			isa = PBXGroup;
			children = (
				ABAC520D1CFCD016000FA80F /* Model */,
				ABAC51DF1CFCCFF0000FA80F /* AppDelegate.swift */,
				ABAC51E11CFCCFF0000FA80F /* PlateAppearanceViewController.swift */,
				ABAC52121CFCD17C000FA80F /* NewGameViewController.swift */,
				ABAC52141CFCD1AC000FA80F /* BoxScoreViewController.swift */,
				ABAC51E31CFCCFF0000FA80F /* Main.storyboard */,
				ABAC51E61CFCCFF0000FA80F /* Assets.xcassets */,
				ABAC51E81CFCCFF0000FA80F /* LaunchScreen.storyboard */,
				ABAC51EB1CFCCFF0000FA80F /* Info.plist */,
			);
			path = Scorebook;
			sourceTree = "<group>";
		};
		ABAC51F31CFCCFF1000FA80F /* ScorebookTests */ = {
			isa = PBXGroup;
			children = (
				ABAC51F41CFCCFF1000FA80F /* ScorebookTests.swift */,
				ABAC51F61CFCCFF1000FA80F /* Info.plist */,
			);
			path = ScorebookTests;
			sourceTree = "<group>";
		};
		ABAC51FE1CFCCFF1000FA80F /* ScorebookUITests */ = {
			isa = PBXGroup;
			children = (
				ABAC51FF1CFCCFF1000FA80F /* ScorebookUITests.swift */,
				ABAC52011CFCCFF1000FA80F /* Info.plist */,
			);
			path = ScorebookUITests;
			sourceTree = "<group>";
		};
		ABAC520D1CFCD016000FA80F /* Model */ = {
			isa = PBXGroup;
			children = (
				ABAC520E1CFCD039000FA80F /* PlateAppearance.swift */,
				ABAC52101CFCD101000FA80F /* Game.swift */,
			);
			name = Model;
			sourceTree = "<group>";
		};
/* End PBXGroup section */

/* Begin PBXNativeTarget section */
		ABAC51DB1CFCCFF0000FA80F /* Scorebook */ = {
			isa = PBXNativeTarget;
			buildConfigurationList = ABAC52041CFCCFF1000FA80F /* Build configuration list for PBXNativeTarget "Scorebook" */;
			buildPhases = (
				ABAC51D81CFCCFF0000FA80F /* Sources */,
				ABAC51D91CFCCFF0000FA80F /* Frameworks */,
				ABAC51DA1CFCCFF0000FA80F /* Resources */,
			);
			buildRules = (
			);
			dependencies = (
			);
			name = Scorebook;
			productName = Scorebook;
			productReference = ABAC51DC1CFCCFF0000FA80F /* Scorebook.app */;
			productType = "com.apple.product-type.application";
		};
		ABAC51EF1CFCCFF1000FA80F /* ScorebookTests */ = {
			isa = PBXNativeTarget;
			buildConfigurationList = ABAC52071CFCCFF1000FA80F /* Build configuration list for PBXNativeTarget "ScorebookTests" */;
			buildPhases = (
				ABAC51EC1CFCCFF1000FA80F /* Sources */,
				ABAC51ED1CFCCFF1000FA80F /* Frameworks */,
				ABAC51EE1CFCCFF1000FA80F /* Resources */,
			);
			buildRules = (
			);
			dependencies = (
				ABAC51F21CFCCFF1000FA80F /* PBXTargetDependency */,
			);
			name = ScorebookTests;
			productName = ScorebookTests;
			productReference = ABAC51F01CFCCFF1000FA80F /* ScorebookTests.xctest */;
			productType = "com.apple.product-type.bundle.unit-test";
		};
		ABAC51FA1CFCCFF1000FA80F /* ScorebookUITests */ = {
			isa = PBXNativeTarget;
			buildConfigurationList = ABAC520A1CFCCFF1000FA80F /* Build configuration list for PBXNativeTarget "ScorebookUITests" */;
			buildPhases = (
				ABAC51F71CFCCFF1000FA80F /* Sources */,
				ABAC51F81CFCCFF1000FA80F /* Frameworks */,
				ABAC51F91CFCCFF1000FA80F /* Resources */,
			);
			buildRules = (
			);
			dependencies = (
				ABAC51FD1CFCCFF1000FA80F /* PBXTargetDependency */,
			);
			name = ScorebookUITests;
			productName = ScorebookUITests;
			productReference = ABAC51FB1CFCCFF1000FA80F /* ScorebookUITests.xctest */;
			productType = "com.apple.product-type.bundle.ui-testing";
		};
/* End PBXNativeTarget section */

/* Begin PBXProject section */
		ABAC51D41CFCCFF0000FA80F /* Project object */ = {
			isa = PBXProject;
			attributes = {
				LastSwiftUpdateCheck = 0730;
				LastUpgradeCheck = 0730;
				ORGANIZATIONNAME = "Jonathan Arbogast";
				TargetAttributes = {
					ABAC51DB1CFCCFF0000FA80F = {
						CreatedOnToolsVersion = 7.3.1;
						DevelopmentTeam = 4J237JQ3KN;
					};
					ABAC51EF1CFCCFF1000FA80F = {
						CreatedOnToolsVersion = 7.3.1;
						TestTargetID = ABAC51DB1CFCCFF0000FA80F;
					};
					ABAC51FA1CFCCFF1000FA80F = {
						CreatedOnToolsVersion = 7.3.1;
						TestTargetID = ABAC51DB1CFCCFF0000FA80F;
					};
				};
			};
			buildConfigurationList = ABAC51D71CFCCFF0000FA80F /* Build configuration list for PBXProject "Scorebook" */;
			compatibilityVersion = "Xcode 3.2";
			developmentRegion = English;
			hasScannedForEncodings = 0;
			knownRegions = (
				en,
				Base,
			);
			mainGroup = ABAC51D31CFCCFF0000FA80F;
			productRefGroup = ABAC51DD1CFCCFF0000FA80F /* Products */;
			projectDirPath = "";
			projectRoot = "";
			targets = (
				ABAC51DB1CFCCFF0000FA80F /* Scorebook */,
				ABAC51EF1CFCCFF1000FA80F /* ScorebookTests */,
				ABAC51FA1CFCCFF1000FA80F /* ScorebookUITests */,
			);
		};
/* End PBXProject section */

/* Begin PBXResourcesBuildPhase section */
		ABAC51DA1CFCCFF0000FA80F /* Resources */ = {
			isa = PBXResourcesBuildPhase;
			buildActionMask = 2147483647;
			files = (
				ABAC51EA1CFCCFF0000FA80F /* LaunchScreen.storyboard in Resources */,
				ABAC51E71CFCCFF0000FA80F /* Assets.xcassets in Resources */,
				ABAC51E51CFCCFF0000FA80F /* Main.storyboard in Resources */,
			);
			runOnlyForDeploymentPostprocessing = 0;
		};
		ABAC51EE1CFCCFF1000FA80F /* Resources */ = {
			isa = PBXResourcesBuildPhase;
			buildActionMask = 2147483647;
			files = (
			);
			runOnlyForDeploymentPostprocessing = 0;
		};
		ABAC51F91CFCCFF1000FA80F /* Resources */ = {
			isa = PBXResourcesBuildPhase;
			buildActionMask = 2147483647;
			files = (
			);
			runOnlyForDeploymentPostprocessing = 0;
		};
/* End PBXResourcesBuildPhase section */

/* Begin PBXSourcesBuildPhase section */
		ABAC51D81CFCCFF0000FA80F /* Sources */ = {
			isa = PBXSourcesBuildPhase;
			buildActionMask = 2147483647;
			files = (
				ABAC51E21CFCCFF0000FA80F /* PlateAppearanceViewController.swift in Sources */,
				ABAC52151CFCD1AC000FA80F /* BoxScoreViewController.swift in Sources */,
				ABAC520F1CFCD039000FA80F /* PlateAppearance.swift in Sources */,
				ABAC52131CFCD17C000FA80F /* NewGameViewController.swift in Sources */,
				ABAC51E01CFCCFF0000FA80F /* AppDelegate.swift in Sources */,
				ABAC52111CFCD101000FA80F /* Game.swift in Sources */,
			);
			runOnlyForDeploymentPostprocessing = 0;
		};
		ABAC51EC1CFCCFF1000FA80F /* Sources */ = {
			isa = PBXSourcesBuildPhase;
			buildActionMask = 2147483647;
			files = (
				ABAC51F51CFCCFF1000FA80F /* ScorebookTests.swift in Sources */,
			);
			runOnlyForDeploymentPostprocessing = 0;
		};
		ABAC51F71CFCCFF1000FA80F /* Sources */ = {
			isa = PBXSourcesBuildPhase;
			buildActionMask = 2147483647;
			files = (
				ABAC52001CFCCFF1000FA80F /* ScorebookUITests.swift in Sources */,
			);
			runOnlyForDeploymentPostprocessing = 0;
		};
/* End PBXSourcesBuildPhase section */

/* Begin PBXTargetDependency section */
		ABAC51F21CFCCFF1000FA80F /* PBXTargetDependency */ = {
			isa = PBXTargetDependency;
			target = ABAC51DB1CFCCFF0000FA80F /* Scorebook */;
			targetProxy = ABAC51F11CFCCFF1000FA80F /* PBXContainerItemProxy */;
		};
		ABAC51FD1CFCCFF1000FA80F /* PBXTargetDependency */ = {
			isa = PBXTargetDependency;
			target = ABAC51DB1CFCCFF0000FA80F /* Scorebook */;
			targetProxy = ABAC51FC1CFCCFF1000FA80F /* PBXContainerItemProxy */;
		};
/* End PBXTargetDependency section */

/* Begin PBXVariantGroup section */
		ABAC51E31CFCCFF0000FA80F /* Main.storyboard */ = {
			isa = PBXVariantGroup;
			children = (
				ABAC51E41CFCCFF0000FA80F /* Base */,
			);
			name = Main.storyboard;
			sourceTree = "<group>";
		};
		ABAC51E81CFCCFF0000FA80F /* LaunchScreen.storyboard */ = {
			isa = PBXVariantGroup;
			children = (
				ABAC51E91CFCCFF0000FA80F /* Base */,
			);
			name = LaunchScreen.storyboard;
			sourceTree = "<group>";
		};
/* End PBXVariantGroup section */

/* Begin XCBuildConfiguration section */
		ABAC52021CFCCFF1000FA80F /* Debug */ = {
			isa = XCBuildConfiguration;
			buildSettings = {
				ALWAYS_SEARCH_USER_PATHS = NO;
				CLANG_ANALYZER_NONNULL = YES;
				CLANG_CXX_LANGUAGE_STANDARD = "gnu++0x";
				CLANG_CXX_LIBRARY = "libc++";
				CLANG_ENABLE_MODULES = YES;
				CLANG_ENABLE_OBJC_ARC = YES;
				CLANG_WARN_BOOL_CONVERSION = YES;
				CLANG_WARN_CONSTANT_CONVERSION = YES;
				CLANG_WARN_DIRECT_OBJC_ISA_USAGE = YES_ERROR;
				CLANG_WARN_EMPTY_BODY = YES;
				CLANG_WARN_ENUM_CONVERSION = YES;
				CLANG_WARN_INT_CONVERSION = YES;
				CLANG_WARN_OBJC_ROOT_CLASS = YES_ERROR;
				CLANG_WARN_UNREACHABLE_CODE = YES;
				CLANG_WARN__DUPLICATE_METHOD_MATCH = YES;
				"CODE_SIGN_IDENTITY[sdk=iphoneos*]" = "iPhone Developer";
				COPY_PHASE_STRIP = NO;
				DEBUG_INFORMATION_FORMAT = dwarf;
				ENABLE_STRICT_OBJC_MSGSEND = YES;
				ENABLE_TESTABILITY = YES;
				GCC_C_LANGUAGE_STANDARD = gnu99;
				GCC_DYNAMIC_NO_PIC = NO;
				GCC_NO_COMMON_BLOCKS = YES;
				GCC_OPTIMIZATION_LEVEL = 0;
				GCC_PREPROCESSOR_DEFINITIONS = (
					"DEBUG=1",
					"$(inherited)",
				);
				GCC_WARN_64_TO_32_BIT_CONVERSION = YES;
				GCC_WARN_ABOUT_RETURN_TYPE = YES_ERROR;
				GCC_WARN_UNDECLARED_SELECTOR = YES;
				GCC_WARN_UNINITIALIZED_AUTOS = YES_AGGRESSIVE;
				GCC_WARN_UNUSED_FUNCTION = YES;
				GCC_WARN_UNUSED_VARIABLE = YES;
				IPHONEOS_DEPLOYMENT_TARGET = 9.3;
				MTL_ENABLE_DEBUG_INFO = YES;
				ONLY_ACTIVE_ARCH = YES;
				SDKROOT = iphoneos;
				SWIFT_OPTIMIZATION_LEVEL = "-Onone";
				TARGETED_DEVICE_FAMILY = "1,2";
			};
			name = Debug;
		};
		ABAC52031CFCCFF1000FA80F /* Release */ = {
			isa = XCBuildConfiguration;
			buildSettings = {
				ALWAYS_SEARCH_USER_PATHS = NO;
				CLANG_ANALYZER_NONNULL = YES;
				CLANG_CXX_LANGUAGE_STANDARD = "gnu++0x";
				CLANG_CXX_LIBRARY = "libc++";
				CLANG_ENABLE_MODULES = YES;
				CLANG_ENABLE_OBJC_ARC = YES;
				CLANG_WARN_BOOL_CONVERSION = YES;
				CLANG_WARN_CONSTANT_CONVERSION = YES;
				CLANG_WARN_DIRECT_OBJC_ISA_USAGE = YES_ERROR;
				CLANG_WARN_EMPTY_BODY = YES;
				CLANG_WARN_ENUM_CONVERSION = YES;
				CLANG_WARN_INT_CONVERSION = YES;
				CLANG_WARN_OBJC_ROOT_CLASS = YES_ERROR;
				CLANG_WARN_UNREACHABLE_CODE = YES;
				CLANG_WARN__DUPLICATE_METHOD_MATCH = YES;
				"CODE_SIGN_IDENTITY[sdk=iphoneos*]" = "iPhone Developer";
				COPY_PHASE_STRIP = NO;
				DEBUG_INFORMATION_FORMAT = "dwarf-with-dsym";
				ENABLE_NS_ASSERTIONS = NO;
				ENABLE_STRICT_OBJC_MSGSEND = YES;
				GCC_C_LANGUAGE_STANDARD = gnu99;
				GCC_NO_COMMON_BLOCKS = YES;
				GCC_WARN_64_TO_32_BIT_CONVERSION = YES;
				GCC_WARN_ABOUT_RETURN_TYPE = YES_ERROR;
				GCC_WARN_UNDECLARED_SELECTOR = YES;
				GCC_WARN_UNINITIALIZED_AUTOS = YES_AGGRESSIVE;
				GCC_WARN_UNUSED_FUNCTION = YES;
				GCC_WARN_UNUSED_VARIABLE = YES;
				IPHONEOS_DEPLOYMENT_TARGET = 9.3;
				MTL_ENABLE_DEBUG_INFO = NO;
				SDKROOT = iphoneos;
				TARGETED_DEVICE_FAMILY = "1,2";
				VALIDATE_PRODUCT = YES;
			};
			name = Release;
		};
		ABAC52051CFCCFF1000FA80F /* Debug */ = {
			isa = XCBuildConfiguration;
			buildSettings = {
				ASSETCATALOG_COMPILER_APPICON_NAME = AppIcon;
				CODE_SIGN_IDENTITY = "iPhone Developer";
				INFOPLIST_FILE = Scorebook/Info.plist;
				LD_RUNPATH_SEARCH_PATHS = "$(inherited) @executable_path/Frameworks";
				PRODUCT_BUNDLE_IDENTIFIER = com.anothercupofcocoa.Scorebook;
				PRODUCT_NAME = "$(TARGET_NAME)";
			};
			name = Debug;
		};
		ABAC52061CFCCFF1000FA80F /* Release */ = {
			isa = XCBuildConfiguration;
			buildSettings = {
				ASSETCATALOG_COMPILER_APPICON_NAME = AppIcon;
				CODE_SIGN_IDENTITY = "iPhone Developer";
				INFOPLIST_FILE = Scorebook/Info.plist;
				LD_RUNPATH_SEARCH_PATHS = "$(inherited) @executable_path/Frameworks";
				PRODUCT_BUNDLE_IDENTIFIER = com.anothercupofcocoa.Scorebook;
				PRODUCT_NAME = "$(TARGET_NAME)";
			};
			name = Release;
		};
		ABAC52081CFCCFF1000FA80F /* Debug */ = {
			isa = XCBuildConfiguration;
			buildSettings = {
				BUNDLE_LOADER = "$(TEST_HOST)";
				INFOPLIST_FILE = ScorebookTests/Info.plist;
				LD_RUNPATH_SEARCH_PATHS = "$(inherited) @executable_path/Frameworks @loader_path/Frameworks";
				PRODUCT_BUNDLE_IDENTIFIER = com.anothercupofcocoa.ScorebookTests;
				PRODUCT_NAME = "$(TARGET_NAME)";
				TEST_HOST = "$(BUILT_PRODUCTS_DIR)/Scorebook.app/Scorebook";
			};
			name = Debug;
		};
		ABAC52091CFCCFF1000FA80F /* Release */ = {
			isa = XCBuildConfiguration;
			buildSettings = {
				BUNDLE_LOADER = "$(TEST_HOST)";
				INFOPLIST_FILE = ScorebookTests/Info.plist;
				LD_RUNPATH_SEARCH_PATHS = "$(inherited) @executable_path/Frameworks @loader_path/Frameworks";
				PRODUCT_BUNDLE_IDENTIFIER = com.anothercupofcocoa.ScorebookTests;
				PRODUCT_NAME = "$(TARGET_NAME)";
				TEST_HOST = "$(BUILT_PRODUCTS_DIR)/Scorebook.app/Scorebook";
			};
			name = Release;
		};
		ABAC520B1CFCCFF1000FA80F /* Debug */ = {
			isa = XCBuildConfiguration;
			buildSettings = {
				INFOPLIST_FILE = ScorebookUITests/Info.plist;
				LD_RUNPATH_SEARCH_PATHS = "$(inherited) @executable_path/Frameworks @loader_path/Frameworks";
				PRODUCT_BUNDLE_IDENTIFIER = com.anothercupofcocoa.ScorebookUITests;
				PRODUCT_NAME = "$(TARGET_NAME)";
				TEST_TARGET_NAME = Scorebook;
			};
			name = Debug;
		};
		ABAC520C1CFCCFF1000FA80F /* Release */ = {
			isa = XCBuildConfiguration;
			buildSettings = {
				INFOPLIST_FILE = ScorebookUITests/Info.plist;
				LD_RUNPATH_SEARCH_PATHS = "$(inherited) @executable_path/Frameworks @loader_path/Frameworks";
				PRODUCT_BUNDLE_IDENTIFIER = com.anothercupofcocoa.ScorebookUITests;
				PRODUCT_NAME = "$(TARGET_NAME)";
				TEST_TARGET_NAME = Scorebook;
			};
			name = Release;
		};
/* End XCBuildConfiguration section */

/* Begin XCConfigurationList section */
		ABAC51D71CFCCFF0000FA80F /* Build configuration list for PBXProject "Scorebook" */ = {
			isa = XCConfigurationList;
			buildConfigurations = (
				ABAC52021CFCCFF1000FA80F /* Debug */,
				ABAC52031CFCCFF1000FA80F /* Release */,
			);
			defaultConfigurationIsVisible = 0;
			defaultConfigurationName = Release;
		};
		ABAC52041CFCCFF1000FA80F /* Build configuration list for PBXNativeTarget "Scorebook" */ = {
			isa = XCConfigurationList;
			buildConfigurations = (
				ABAC52051CFCCFF1000FA80F /* Debug */,
				ABAC52061CFCCFF1000FA80F /* Release */,
			);
			defaultConfigurationIsVisible = 0;
		};
		ABAC52071CFCCFF1000FA80F /* Build configuration list for PBXNativeTarget "ScorebookTests" */ = {
			isa = XCConfigurationList;
			buildConfigurations = (
				ABAC52081CFCCFF1000FA80F /* Debug */,
				ABAC52091CFCCFF1000FA80F /* Release */,
			);
			defaultConfigurationIsVisible = 0;
		};
		ABAC520A1CFCCFF1000FA80F /* Build configuration list for PBXNativeTarget "ScorebookUITests" */ = {
			isa = XCConfigurationList;
			buildConfigurations = (
				ABAC520B1CFCCFF1000FA80F /* Debug */,
				ABAC520C1CFCCFF1000FA80F /* Release */,
			);
			defaultConfigurationIsVisible = 0;
		};
/* End XCConfigurationList section */
	};
	rootObject = ABAC51D41CFCCFF0000FA80F /* Project object */;
}
